
Microsoft Visual Studio Solution File, Format Version 12.00
# Visual Studio Version 17
VisualStudioVersion = 17.12.35527.113
MinimumVisualStudioVersion = 10.0.40219.1
Project("{FAE04EC0-301F-11D3-BF4B-00C04F79EFBC}") = "Tek_PatternPro_Generator", "Tek_PatternPro_Generator\Tek_PatternPro_Generator.csproj", "{8B3BD96A-7378-47ED-B5A7-5D8457E92160}"
EndProject
Project("{FAE04EC0-301F-11D3-BF4B-00C04F79EFBC}") = "Tektronix.PatternPro", "Tektronix.PatternPro\Tektronix.PatternPro.csproj", "{A50DE1B0-B992-414C-8A08-1790119D242C}"
EndProject
Global
	GlobalSection(SolutionConfigurationPlatforms) = preSolution
		Debug|Any CPU = Debug|Any CPU
		Release|Any CPU = Release|Any CPU
	EndGlobalSection
	GlobalSection(ProjectConfigurationPlatforms) = postSolution
		{8B3BD96A-7378-47ED-B5A7-5D8457E92160}.Debug|Any CPU.ActiveCfg = Debug|Any CPU
		{8B3BD96A-7378-47ED-B5A7-5D8457E92160}.Debug|Any CPU.Build.0 = Debug|Any CPU
		{8B3BD96A-7378-47ED-B5A7-5D8457E92160}.Release|Any CPU.ActiveCfg = Release|Any CPU
		{8B3BD96A-7378-47ED-B5A7-5D8457E92160}.Release|Any CPU.Build.0 = Release|Any CPU
		{A50DE1B0-B992-414C-8A08-1790119D242C}.Debug|Any CPU.ActiveCfg = Debug|Any CPU
		{A50DE1B0-B992-414C-8A08-1790119D242C}.Debug|Any CPU.Build.0 = Debug|Any CPU
		{A50DE1B0-B992-414C-8A08-1790119D242C}.Release|Any CPU.ActiveCfg = Release|Any CPU
		{A50DE1B0-B992-414C-8A08-1790119D242C}.Release|Any CPU.Build.0 = Release|Any CPU
	EndGlobalSection
	GlobalSection(SolutionProperties) = preSolution
		HideSolutionNode = FALSE
	EndGlobalSection
EndGlobal
